
Microsoft Visual Studio Solution File, Format Version 12.00
# Visual Studio Version 17
VisualStudioVersion = 17.4.33103.184
MinimumVisualStudioVersion = 10.0.40219.1
Project("{FAE04EC0-301F-11D3-BF4B-00C04F79EFBC}") = "ConsoleApp5", "ConsoleApp5\ConsoleApp5.csproj", "{7CCDAC55-91F1-4015-8586-9AF6676F4618}"
EndProject
Global
	GlobalSection(SolutionConfigurationPlatforms) = preSolution
		Debug|Any CPU = Debug|Any CPU
		Release|Any CPU = Release|Any CPU
	EndGlobalSection
	GlobalSection(ProjectConfigurationPlatforms) = postSolution
		{7CCDAC55-91F1-4015-8586-9AF6676F4618}.Debug|Any CPU.ActiveCfg = Debug|Any CPU
		{7CCDAC55-91F1-4015-8586-9AF6676F4618}.Debug|Any CPU.Build.0 = Debug|Any CPU
		{7CCDAC55-91F1-4015-8586-9AF6676F4618}.Release|Any CPU.ActiveCfg = Release|Any CPU
		{7CCDAC55-91F1-4015-8586-9AF6676F4618}.Release|Any CPU.Build.0 = Release|Any CPU
	EndGlobalSection
	GlobalSection(SolutionProperties) = preSolution
		HideSolutionNode = FALSE
	EndGlobalSection
	GlobalSection(ExtensibilityGlobals) = postSolution
		SolutionGuid = {BCD26620-2D71-4F56-B7C5-DF3CD09EB668}
	EndGlobalSection
EndGlobal
